{
  "originHash" : "a59e701db8f863f5dc8d02dbfa7d59d7cb92ea291cb650cf44ac2ca7b44a736f",
  "pins" : [
    {
      "identity" : "appauth-ios",
      "kind" : "remoteSourceControl",
      "location" : "https://github.com/openid/AppAuth-iOS",
      "state" : {
        "revision" : "145104f5ea9d58ae21b60add007c33c1cc0c948e",
        "version" : "2.0.0"
      }
    },
    {
      "identity" : "p42-colormanager",
      "kind" : "remoteSourceControl",
      "location" : "git@github.com:platform-42/P42-colormanager.git",
      "state" : {
        "branch" : "main",
        "revision" : "83dcaa0dca93b3a1a920d1ec276c1564a6e6c829"
      }
    },
    {
      "identity" : "p42-extensions",
      "kind" : "remoteSourceControl",
      "location" : "git@github.com:platform-42/P42-extensions.git",
      "state" : {
        "branch" : "main",
        "revision" : "7edf898c63fe1abeb93c2fe5b706b9d59bc15fab"
      }
    },
    {
      "identity" : "p42-keychain",
      "kind" : "remoteSourceControl",
      "location" : "git@github.com:platform-42/p42-keychain.git",
      "state" : {
        "branch" : "main",
        "revision" : "a37751f6579d8b720de12c3ed1ed923a5aec194e"
      }
    },
    {
      "identity" : "p42-screenelements",
      "kind" : "remoteSourceControl",
      "location" : "git@github.com:platform-42/P42-screenelements.git",
      "state" : {
        "branch" : "main",
        "revision" : "7f40dc89254e03041183a341340d44668e946217"
      }
    },
    {
      "identity" : "p42-sound",
      "kind" : "remoteSourceControl",
      "location" : "git@github.com:platform-42/P42-sound.git",
      "state" : {
        "branch" : "main",
        "revision" : "be669986384d1caeb43699f8a2d3a34698b7091a"
      }
    },
    {
      "identity" : "p42-utils",
      "kind" : "remoteSourceControl",
      "location" : "git@github.com:platform-42/P42-utils.git",
      "state" : {
        "branch" : "main",
        "revision" : "0971f3bd37dab94c5e0865f2dc8712e84be7cf1d"
      }
    },
    {
      "identity" : "p42-viewmodifiers",
      "kind" : "remoteSourceControl",
      "location" : "git@github.com:platform-42/P42-viewmodifiers.git",
      "state" : {
        "branch" : "main",
        "revision" : "3d70e329a69b067c20c8548237c8967ab7760486"
      }
    },
    {
      "identity" : "p42-watchos-colormanager",
      "kind" : "remoteSourceControl",
      "location" : "git@github.com:platform-42/P42-watchos-colormanager.git",
      "state" : {
        "branch" : "main",
        "revision" : "bbaf4bb9488463825423c782062296ac98096390"
      }
    },
    {
      "identity" : "p42-watchos-widgets",
      "kind" : "remoteSourceControl",
      "location" : "git@github.com:platform-42/P42-watchos-widgets.git",
      "state" : {
        "branch" : "main",
        "revision" : "210a26245fca7e361c09cf39b5da0f7d9cbca1c2"
      }
    }
  ],
  "version" : 3
}
