{
  "originHash" : "15835116dc516f3beb17f12a44298ce28aef17472fbd268bbde864d947682d1e",
  "pins" : [
    {
      "identity" : "appauth-ios",
      "kind" : "remoteSourceControl",
      "location" : "https://github.com/openid/AppAuth-iOS",
      "state" : {
        "revision" : "145104f5ea9d58ae21b60add007c33c1cc0c948e",
        "version" : "2.0.0"
      }
    },
    {
      "identity" : "p42-colormanager",
      "kind" : "remoteSourceControl",
      "location" : "git@github.com:platform-42/P42-colormanager.git",
      "state" : {
        "branch" : "main",
        "revision" : "dcc50fb4ed1afc42c0d36d9f686c7969026da867"
      }
    },
    {
      "identity" : "p42-extensions",
      "kind" : "remoteSourceControl",
      "location" : "git@github.com:platform-42/P42-extensions.git",
      "state" : {
        "branch" : "main",
        "revision" : "05f97771168b84ee5aee9725a06eb84a1950e343"
      }
    },
    {
      "identity" : "p42-keychain",
      "kind" : "remoteSourceControl",
      "location" : "git@github.com:platform-42/p42-keychain.git",
      "state" : {
        "branch" : "main",
        "revision" : "1637c384b960677ab892fa2c449b14218502efe8"
      }
    },
    {
      "identity" : "p42-screenelements",
      "kind" : "remoteSourceControl",
      "location" : "git@github.com:platform-42/P42-screenelements.git",
      "state" : {
        "branch" : "main",
        "revision" : "ccd0bf4e3ccad449744e7a22e789f206860efb82"
      }
    },
    {
      "identity" : "p42-sound",
      "kind" : "remoteSourceControl",
      "location" : "git@github.com:platform-42/P42-sound.git",
      "state" : {
        "branch" : "main",
        "revision" : "13d602369020a9030089990377ec17cf27711c22"
      }
    },
    {
      "identity" : "p42-utils",
      "kind" : "remoteSourceControl",
      "location" : "git@github.com:platform-42/P42-utils.git",
      "state" : {
        "branch" : "main",
        "revision" : "5c9ca921331a842548d52ebdf99889c00a2fdffa"
      }
    },
    {
      "identity" : "p42-viewmodifiers",
      "kind" : "remoteSourceControl",
      "location" : "git@github.com:platform-42/P42-viewmodifiers.git",
      "state" : {
        "branch" : "main",
        "revision" : "a61809941f2530a72c2552c2e4fe32a83870a732"
      }
    },
    {
      "identity" : "p42-watchos-widgets",
      "kind" : "remoteSourceControl",
      "location" : "git@github.com:platform-42/P42-watchos-widgets.git",
      "state" : {
        "branch" : "main",
        "revision" : "b291bbebece86bc67b386bd91cd7f5064eb6ccf1"
      }
    }
  ],
  "version" : 3
}
